// !$*UTF8*$!
{
	archiveVersion = 1;
	classes = {
	};
	objectVersion = 46;
	objects = {

/* Begin PBXBuildFile section */
		86016B841BE6FA510020B4DF /* IntroViewController.swift in Sources */ = {isa = PBXBuildFile; fileRef = 86016B831BE6FA500020B4DF /* IntroViewController.swift */; };
		86016B871BE733810020B4DF /* Common.swift in Sources */ = {isa = PBXBuildFile; fileRef = 86016B861BE733810020B4DF /* Common.swift */; };
		86016B891BE7375F0020B4DF /* LoginViewController.swift in Sources */ = {isa = PBXBuildFile; fileRef = 86016B881BE7375F0020B4DF /* LoginViewController.swift */; };
		86016B8B1BE85BAE0020B4DF /* TutorialViewController.swift in Sources */ = {isa = PBXBuildFile; fileRef = 86016B8A1BE85BAD0020B4DF /* TutorialViewController.swift */; };
		86016B8D1BE87C120020B4DF /* TimelineViewController.swift in Sources */ = {isa = PBXBuildFile; fileRef = 86016B8C1BE87C120020B4DF /* TimelineViewController.swift */; };
		86016B8F1BE88A3C0020B4DF /* ConversationViewController.swift in Sources */ = {isa = PBXBuildFile; fileRef = 86016B8E1BE88A3C0020B4DF /* ConversationViewController.swift */; };
		86016B911BE88DCA0020B4DF /* SettingsViewController.swift in Sources */ = {isa = PBXBuildFile; fileRef = 86016B901BE88DCA0020B4DF /* SettingsViewController.swift */; };
		86F93D9B1BE2A952003BB0AB /* AppDelegate.swift in Sources */ = {isa = PBXBuildFile; fileRef = 86F93D9A1BE2A952003BB0AB /* AppDelegate.swift */; };
		86F93D9D1BE2A952003BB0AB /* ViewController.swift in Sources */ = {isa = PBXBuildFile; fileRef = 86F93D9C1BE2A952003BB0AB /* ViewController.swift */; };
		86F93DA01BE2A952003BB0AB /* Main.storyboard in Resources */ = {isa = PBXBuildFile; fileRef = 86F93D9E1BE2A952003BB0AB /* Main.storyboard */; };
		86F93DA21BE2A952003BB0AB /* Assets.xcassets in Resources */ = {isa = PBXBuildFile; fileRef = 86F93DA11BE2A952003BB0AB /* Assets.xcassets */; };
		86F93DA51BE2A952003BB0AB /* LaunchScreen.storyboard in Resources */ = {isa = PBXBuildFile; fileRef = 86F93DA31BE2A952003BB0AB /* LaunchScreen.storyboard */; };
		86F93DB01BE2A952003BB0AB /* Week_2___CarouselTests.swift in Sources */ = {isa = PBXBuildFile; fileRef = 86F93DAF1BE2A952003BB0AB /* Week_2___CarouselTests.swift */; };
		86F93DBB1BE2A952003BB0AB /* Week_2___CarouselUITests.swift in Sources */ = {isa = PBXBuildFile; fileRef = 86F93DBA1BE2A952003BB0AB /* Week_2___CarouselUITests.swift */; };
/* End PBXBuildFile section */

/* Begin PBXContainerItemProxy section */
		86F93DAC1BE2A952003BB0AB /* PBXContainerItemProxy */ = {
			isa = PBXContainerItemProxy;
			containerPortal = 86F93D8F1BE2A952003BB0AB /* Project object */;
			proxyType = 1;
			remoteGlobalIDString = 86F93D961BE2A952003BB0AB;
			remoteInfo = "Week 2 - Carousel";
		};
		86F93DB71BE2A952003BB0AB /* PBXContainerItemProxy */ = {
			isa = PBXContainerItemProxy;
			containerPortal = 86F93D8F1BE2A952003BB0AB /* Project object */;
			proxyType = 1;
			remoteGlobalIDString = 86F93D961BE2A952003BB0AB;
			remoteInfo = "Week 2 - Carousel";
		};
/* End PBXContainerItemProxy section */

/* Begin PBXFileReference section */
		86016B831BE6FA500020B4DF /* IntroViewController.swift */ = {isa = PBXFileReference; fileEncoding = 4; lastKnownFileType = sourcecode.swift; path = IntroViewController.swift; sourceTree = "<group>"; };
		86016B861BE733810020B4DF /* Common.swift */ = {isa = PBXFileReference; fileEncoding = 4; lastKnownFileType = sourcecode.swift; path = Common.swift; sourceTree = "<group>"; };
		86016B881BE7375F0020B4DF /* LoginViewController.swift */ = {isa = PBXFileReference; fileEncoding = 4; lastKnownFileType = sourcecode.swift; name = LoginViewController.swift; path = ../LoginViewController.swift; sourceTree = "<group>"; };
		86016B8A1BE85BAD0020B4DF /* TutorialViewController.swift */ = {isa = PBXFileReference; fileEncoding = 4; lastKnownFileType = sourcecode.swift; name = TutorialViewController.swift; path = ../TutorialViewController.swift; sourceTree = "<group>"; };
		86016B8C1BE87C120020B4DF /* TimelineViewController.swift */ = {isa = PBXFileReference; fileEncoding = 4; lastKnownFileType = sourcecode.swift; name = TimelineViewController.swift; path = ../TimelineViewController.swift; sourceTree = "<group>"; };
		86016B8E1BE88A3C0020B4DF /* ConversationViewController.swift */ = {isa = PBXFileReference; fileEncoding = 4; lastKnownFileType = sourcecode.swift; name = ConversationViewController.swift; path = ../ConversationViewController.swift; sourceTree = "<group>"; };
		86016B901BE88DCA0020B4DF /* SettingsViewController.swift */ = {isa = PBXFileReference; fileEncoding = 4; lastKnownFileType = sourcecode.swift; name = SettingsViewController.swift; path = ../SettingsViewController.swift; sourceTree = "<group>"; };
		86F93D971BE2A952003BB0AB /* Week 2 - Carousel.app */ = {isa = PBXFileReference; explicitFileType = wrapper.application; includeInIndex = 0; path = "Week 2 - Carousel.app"; sourceTree = BUILT_PRODUCTS_DIR; };
		86F93D9A1BE2A952003BB0AB /* AppDelegate.swift */ = {isa = PBXFileReference; lastKnownFileType = sourcecode.swift; path = AppDelegate.swift; sourceTree = "<group>"; };
		86F93D9C1BE2A952003BB0AB /* ViewController.swift */ = {isa = PBXFileReference; lastKnownFileType = sourcecode.swift; path = ViewController.swift; sourceTree = "<group>"; };
		86F93D9F1BE2A952003BB0AB /* Base */ = {isa = PBXFileReference; lastKnownFileType = file.storyboard; name = Base; path = Base.lproj/Main.storyboard; sourceTree = "<group>"; };
		86F93DA11BE2A952003BB0AB /* Assets.xcassets */ = {isa = PBXFileReference; lastKnownFileType = folder.assetcatalog; path = Assets.xcassets; sourceTree = "<group>"; };
		86F93DA41BE2A952003BB0AB /* Base */ = {isa = PBXFileReference; lastKnownFileType = file.storyboard; name = Base; path = Base.lproj/LaunchScreen.storyboard; sourceTree = "<group>"; };
		86F93DA61BE2A952003BB0AB /* Info.plist */ = {isa = PBXFileReference; lastKnownFileType = text.plist.xml; path = Info.plist; sourceTree = "<group>"; };
		86F93DAB1BE2A952003BB0AB /* Week 2 - CarouselTests.xctest */ = {isa = PBXFileReference; explicitFileType = wrapper.cfbundle; includeInIndex = 0; path = "Week 2 - CarouselTests.xctest"; sourceTree = BUILT_PRODUCTS_DIR; };
		86F93DAF1BE2A952003BB0AB /* Week_2___CarouselTests.swift */ = {isa = PBXFileReference; lastKnownFileType = sourcecode.swift; path = "Week_2___CarouselTests.swift"; sourceTree = "<group>"; };
		86F93DB11BE2A952003BB0AB /* Info.plist */ = {isa = PBXFileReference; lastKnownFileType = text.plist.xml; path = Info.plist; sourceTree = "<group>"; };
		86F93DB61BE2A952003BB0AB /* Week 2 - CarouselUITests.xctest */ = {isa = PBXFileReference; explicitFileType = wrapper.cfbundle; includeInIndex = 0; path = "Week 2 - CarouselUITests.xctest"; sourceTree = BUILT_PRODUCTS_DIR; };
		86F93DBA1BE2A952003BB0AB /* Week_2___CarouselUITests.swift */ = {isa = PBXFileReference; lastKnownFileType = sourcecode.swift; path = "Week_2___CarouselUITests.swift"; sourceTree = "<group>"; };
		86F93DBC1BE2A952003BB0AB /* Info.plist */ = {isa = PBXFileReference; lastKnownFileType = text.plist.xml; path = Info.plist; sourceTree = "<group>"; };
/* End PBXFileReference section */

/* Begin PBXFrameworksBuildPhase section */
		86F93D941BE2A952003BB0AB /* Frameworks */ = {
			isa = PBXFrameworksBuildPhase;
			buildActionMask = 2147483647;
			files = (
			);
			runOnlyForDeploymentPostprocessing = 0;
		};
		86F93DA81BE2A952003BB0AB /* Frameworks */ = {
			isa = PBXFrameworksBuildPhase;
			buildActionMask = 2147483647;
			files = (
			);
			runOnlyForDeploymentPostprocessing = 0;
		};
		86F93DB31BE2A952003BB0AB /* Frameworks */ = {
			isa = PBXFrameworksBuildPhase;
			buildActionMask = 2147483647;
			files = (
			);
			runOnlyForDeploymentPostprocessing = 0;
		};
/* End PBXFrameworksBuildPhase section */

/* Begin PBXGroup section */
		86016B851BE6FBB60020B4DF /* view controllers */ = {
			isa = PBXGroup;
			children = (
				86016B901BE88DCA0020B4DF /* SettingsViewController.swift */,
				86016B8E1BE88A3C0020B4DF /* ConversationViewController.swift */,
				86016B8C1BE87C120020B4DF /* TimelineViewController.swift */,
				86016B8A1BE85BAD0020B4DF /* TutorialViewController.swift */,
				86016B881BE7375F0020B4DF /* LoginViewController.swift */,
				86016B831BE6FA500020B4DF /* IntroViewController.swift */,
			);
			name = "view controllers";
			sourceTree = "<group>";
		};
		86F93D8E1BE2A952003BB0AB = {
			isa = PBXGroup;
			children = (
				86F93D991BE2A952003BB0AB /* Week 2 - Carousel */,
				86F93DAE1BE2A952003BB0AB /* Week 2 - CarouselTests */,
				86F93DB91BE2A952003BB0AB /* Week 2 - CarouselUITests */,
				86F93D981BE2A952003BB0AB /* Products */,
			);
			sourceTree = "<group>";
		};
		86F93D981BE2A952003BB0AB /* Products */ = {
			isa = PBXGroup;
			children = (
				86F93D971BE2A952003BB0AB /* Week 2 - Carousel.app */,
				86F93DAB1BE2A952003BB0AB /* Week 2 - CarouselTests.xctest */,
				86F93DB61BE2A952003BB0AB /* Week 2 - CarouselUITests.xctest */,
			);
			name = Products;
			sourceTree = "<group>";
		};
		86F93D991BE2A952003BB0AB /* Week 2 - Carousel */ = {
			isa = PBXGroup;
			children = (
				86F93D9A1BE2A952003BB0AB /* AppDelegate.swift */,
				86F93D9C1BE2A952003BB0AB /* ViewController.swift */,
				86F93D9E1BE2A952003BB0AB /* Main.storyboard */,
				86016B861BE733810020B4DF /* Common.swift */,
				86016B851BE6FBB60020B4DF /* view controllers */,
				86F93DA11BE2A952003BB0AB /* Assets.xcassets */,
				86F93DA31BE2A952003BB0AB /* LaunchScreen.storyboard */,
				86F93DA61BE2A952003BB0AB /* Info.plist */,
			);
			path = "Week 2 - Carousel";
			sourceTree = "<group>";
		};
		86F93DAE1BE2A952003BB0AB /* Week 2 - CarouselTests */ = {
			isa = PBXGroup;
			children = (
				86F93DAF1BE2A952003BB0AB /* Week_2___CarouselTests.swift */,
				86F93DB11BE2A952003BB0AB /* Info.plist */,
			);
			path = "Week 2 - CarouselTests";
			sourceTree = "<group>";
		};
		86F93DB91BE2A952003BB0AB /* Week 2 - CarouselUITests */ = {
			isa = PBXGroup;
			children = (
				86F93DBA1BE2A952003BB0AB /* Week_2___CarouselUITests.swift */,
				86F93DBC1BE2A952003BB0AB /* Info.plist */,
			);
			path = "Week 2 - CarouselUITests";
			sourceTree = "<group>";
		};
/* End PBXGroup section */

/* Begin PBXNativeTarget section */
		86F93D961BE2A952003BB0AB /* Week 2 - Carousel */ = {
			isa = PBXNativeTarget;
			buildConfigurationList = 86F93DBF1BE2A952003BB0AB /* Build configuration list for PBXNativeTarget "Week 2 - Carousel" */;
			buildPhases = (
				86F93D931BE2A952003BB0AB /* Sources */,
				86F93D941BE2A952003BB0AB /* Frameworks */,
				86F93D951BE2A952003BB0AB /* Resources */,
			);
			buildRules = (
			);
			dependencies = (
			);
			name = "Week 2 - Carousel";
			productName = "Week 2 - Carousel";
			productReference = 86F93D971BE2A952003BB0AB /* Week 2 - Carousel.app */;
			productType = "com.apple.product-type.application";
		};
		86F93DAA1BE2A952003BB0AB /* Week 2 - CarouselTests */ = {
			isa = PBXNativeTarget;
			buildConfigurationList = 86F93DC21BE2A952003BB0AB /* Build configuration list for PBXNativeTarget "Week 2 - CarouselTests" */;
			buildPhases = (
				86F93DA71BE2A952003BB0AB /* Sources */,
				86F93DA81BE2A952003BB0AB /* Frameworks */,
				86F93DA91BE2A952003BB0AB /* Resources */,
			);
			buildRules = (
			);
			dependencies = (
				86F93DAD1BE2A952003BB0AB /* PBXTargetDependency */,
			);
			name = "Week 2 - CarouselTests";
			productName = "Week 2 - CarouselTests";
			productReference = 86F93DAB1BE2A952003BB0AB /* Week 2 - CarouselTests.xctest */;
			productType = "com.apple.product-type.bundle.unit-test";
		};
		86F93DB51BE2A952003BB0AB /* Week 2 - CarouselUITests */ = {
			isa = PBXNativeTarget;
			buildConfigurationList = 86F93DC51BE2A952003BB0AB /* Build configuration list for PBXNativeTarget "Week 2 - CarouselUITests" */;
			buildPhases = (
				86F93DB21BE2A952003BB0AB /* Sources */,
				86F93DB31BE2A952003BB0AB /* Frameworks */,
				86F93DB41BE2A952003BB0AB /* Resources */,
			);
			buildRules = (
			);
			dependencies = (
				86F93DB81BE2A952003BB0AB /* PBXTargetDependency */,
			);
			name = "Week 2 - CarouselUITests";
			productName = "Week 2 - CarouselUITests";
			productReference = 86F93DB61BE2A952003BB0AB /* Week 2 - CarouselUITests.xctest */;
			productType = "com.apple.product-type.bundle.ui-testing";
		};
/* End PBXNativeTarget section */

/* Begin PBXProject section */
		86F93D8F1BE2A952003BB0AB /* Project object */ = {
			isa = PBXProject;
			attributes = {
				LastSwiftUpdateCheck = 0710;
				LastUpgradeCheck = 0710;
				ORGANIZATIONNAME = designgrappler;
				TargetAttributes = {
					86F93D961BE2A952003BB0AB = {
						CreatedOnToolsVersion = 7.1;
					};
					86F93DAA1BE2A952003BB0AB = {
						CreatedOnToolsVersion = 7.1;
						TestTargetID = 86F93D961BE2A952003BB0AB;
					};
					86F93DB51BE2A952003BB0AB = {
						CreatedOnToolsVersion = 7.1;
						TestTargetID = 86F93D961BE2A952003BB0AB;
					};
				};
			};
			buildConfigurationList = 86F93D921BE2A952003BB0AB /* Build configuration list for PBXProject "Week 2 - Carousel" */;
			compatibilityVersion = "Xcode 3.2";
			developmentRegion = English;
			hasScannedForEncodings = 0;
			knownRegions = (
				en,
				Base,
			);
			mainGroup = 86F93D8E1BE2A952003BB0AB;
			productRefGroup = 86F93D981BE2A952003BB0AB /* Products */;
			projectDirPath = "";
			projectRoot = "";
			targets = (
				86F93D961BE2A952003BB0AB /* Week 2 - Carousel */,
				86F93DAA1BE2A952003BB0AB /* Week 2 - CarouselTests */,
				86F93DB51BE2A952003BB0AB /* Week 2 - CarouselUITests */,
			);
		};
/* End PBXProject section */

/* Begin PBXResourcesBuildPhase section */
		86F93D951BE2A952003BB0AB /* Resources */ = {
			isa = PBXResourcesBuildPhase;
			buildActionMask = 2147483647;
			files = (
				86F93DA51BE2A952003BB0AB /* LaunchScreen.storyboard in Resources */,
				86F93DA21BE2A952003BB0AB /* Assets.xcassets in Resources */,
				86F93DA01BE2A952003BB0AB /* Main.storyboard in Resources */,
			);
			runOnlyForDeploymentPostprocessing = 0;
		};
		86F93DA91BE2A952003BB0AB /* Resources */ = {
			isa = PBXResourcesBuildPhase;
			buildActionMask = 2147483647;
			files = (
			);
			runOnlyForDeploymentPostprocessing = 0;
		};
		86F93DB41BE2A952003BB0AB /* Resources */ = {
			isa = PBXResourcesBuildPhase;
			buildActionMask = 2147483647;
			files = (
			);
			runOnlyForDeploymentPostprocessing = 0;
		};
/* End PBXResourcesBuildPhase section */

/* Begin PBXSourcesBuildPhase section */
		86F93D931BE2A952003BB0AB /* Sources */ = {
			isa = PBXSourcesBuildPhase;
			buildActionMask = 2147483647;
			files = (
				86016B871BE733810020B4DF /* Common.swift in Sources */,
				86016B841BE6FA510020B4DF /* IntroViewController.swift in Sources */,
				86016B8F1BE88A3C0020B4DF /* ConversationViewController.swift in Sources */,
				86F93D9D1BE2A952003BB0AB /* ViewController.swift in Sources */,
				86016B891BE7375F0020B4DF /* LoginViewController.swift in Sources */,
				86016B8B1BE85BAE0020B4DF /* TutorialViewController.swift in Sources */,
				86016B8D1BE87C120020B4DF /* TimelineViewController.swift in Sources */,
				86F93D9B1BE2A952003BB0AB /* AppDelegate.swift in Sources */,
				86016B911BE88DCA0020B4DF /* SettingsViewController.swift in Sources */,
			);
			runOnlyForDeploymentPostprocessing = 0;
		};
		86F93DA71BE2A952003BB0AB /* Sources */ = {
			isa = PBXSourcesBuildPhase;
			buildActionMask = 2147483647;
			files = (
				86F93DB01BE2A952003BB0AB /* Week_2___CarouselTests.swift in Sources */,
			);
			runOnlyForDeploymentPostprocessing = 0;
		};
		86F93DB21BE2A952003BB0AB /* Sources */ = {
			isa = PBXSourcesBuildPhase;
			buildActionMask = 2147483647;
			files = (
				86F93DBB1BE2A952003BB0AB /* Week_2___CarouselUITests.swift in Sources */,
			);
			runOnlyForDeploymentPostprocessing = 0;
		};
/* End PBXSourcesBuildPhase section */

/* Begin PBXTargetDependency section */
		86F93DAD1BE2A952003BB0AB /* PBXTargetDependency */ = {
			isa = PBXTargetDependency;
			target = 86F93D961BE2A952003BB0AB /* Week 2 - Carousel */;
			targetProxy = 86F93DAC1BE2A952003BB0AB /* PBXContainerItemProxy */;
		};
		86F93DB81BE2A952003BB0AB /* PBXTargetDependency */ = {
			isa = PBXTargetDependency;
			target = 86F93D961BE2A952003BB0AB /* Week 2 - Carousel */;
			targetProxy = 86F93DB71BE2A952003BB0AB /* PBXContainerItemProxy */;
		};
/* End PBXTargetDependency section */

/* Begin PBXVariantGroup section */
		86F93D9E1BE2A952003BB0AB /* Main.storyboard */ = {
			isa = PBXVariantGroup;
			children = (
				86F93D9F1BE2A952003BB0AB /* Base */,
			);
			name = Main.storyboard;
			sourceTree = "<group>";
		};
		86F93DA31BE2A952003BB0AB /* LaunchScreen.storyboard */ = {
			isa = PBXVariantGroup;
			children = (
				86F93DA41BE2A952003BB0AB /* Base */,
			);
			name = LaunchScreen.storyboard;
			sourceTree = "<group>";
		};
/* End PBXVariantGroup section */

/* Begin XCBuildConfiguration section */
		86F93DBD1BE2A952003BB0AB /* Debug */ = {
			isa = XCBuildConfiguration;
			buildSettings = {
				ALWAYS_SEARCH_USER_PATHS = NO;
				CLANG_CXX_LANGUAGE_STANDARD = "gnu++0x";
				CLANG_CXX_LIBRARY = "libc++";
				CLANG_ENABLE_MODULES = YES;
				CLANG_ENABLE_OBJC_ARC = YES;
				CLANG_WARN_BOOL_CONVERSION = YES;
				CLANG_WARN_CONSTANT_CONVERSION = YES;
				CLANG_WARN_DIRECT_OBJC_ISA_USAGE = YES_ERROR;
				CLANG_WARN_EMPTY_BODY = YES;
				CLANG_WARN_ENUM_CONVERSION = YES;
				CLANG_WARN_INT_CONVERSION = YES;
				CLANG_WARN_OBJC_ROOT_CLASS = YES_ERROR;
				CLANG_WARN_UNREACHABLE_CODE = YES;
				CLANG_WARN__DUPLICATE_METHOD_MATCH = YES;
				"CODE_SIGN_IDENTITY[sdk=iphoneos*]" = "iPhone Developer";
				COPY_PHASE_STRIP = NO;
				DEBUG_INFORMATION_FORMAT = dwarf;
				ENABLE_STRICT_OBJC_MSGSEND = YES;
				ENABLE_TESTABILITY = YES;
				GCC_C_LANGUAGE_STANDARD = gnu99;
				GCC_DYNAMIC_NO_PIC = NO;
				GCC_NO_COMMON_BLOCKS = YES;
				GCC_OPTIMIZATION_LEVEL = 0;
				GCC_PREPROCESSOR_DEFINITIONS = (
					"DEBUG=1",
					"$(inherited)",
				);
				GCC_WARN_64_TO_32_BIT_CONVERSION = YES;
				GCC_WARN_ABOUT_RETURN_TYPE = YES_ERROR;
				GCC_WARN_UNDECLARED_SELECTOR = YES;
				GCC_WARN_UNINITIALIZED_AUTOS = YES_AGGRESSIVE;
				GCC_WARN_UNUSED_FUNCTION = YES;
				GCC_WARN_UNUSED_VARIABLE = YES;
				IPHONEOS_DEPLOYMENT_TARGET = 9.1;
				MTL_ENABLE_DEBUG_INFO = YES;
				ONLY_ACTIVE_ARCH = YES;
				SDKROOT = iphoneos;
				SWIFT_OPTIMIZATION_LEVEL = "-Onone";
			};
			name = Debug;
		};
		86F93DBE1BE2A952003BB0AB /* Release */ = {
			isa = XCBuildConfiguration;
			buildSettings = {
				ALWAYS_SEARCH_USER_PATHS = NO;
				CLANG_CXX_LANGUAGE_STANDARD = "gnu++0x";
				CLANG_CXX_LIBRARY = "libc++";
				CLANG_ENABLE_MODULES = YES;
				CLANG_ENABLE_OBJC_ARC = YES;
				CLANG_WARN_BOOL_CONVERSION = YES;
				CLANG_WARN_CONSTANT_CONVERSION = YES;
				CLANG_WARN_DIRECT_OBJC_ISA_USAGE = YES_ERROR;
				CLANG_WARN_EMPTY_BODY = YES;
				CLANG_WARN_ENUM_CONVERSION = YES;
				CLANG_WARN_INT_CONVERSION = YES;
				CLANG_WARN_OBJC_ROOT_CLASS = YES_ERROR;
				CLANG_WARN_UNREACHABLE_CODE = YES;
				CLANG_WARN__DUPLICATE_METHOD_MATCH = YES;
				"CODE_SIGN_IDENTITY[sdk=iphoneos*]" = "iPhone Developer";
				COPY_PHASE_STRIP = NO;
				DEBUG_INFORMATION_FORMAT = "dwarf-with-dsym";
				ENABLE_NS_ASSERTIONS = NO;
				ENABLE_STRICT_OBJC_MSGSEND = YES;
				GCC_C_LANGUAGE_STANDARD = gnu99;
				GCC_NO_COMMON_BLOCKS = YES;
				GCC_WARN_64_TO_32_BIT_CONVERSION = YES;
				GCC_WARN_ABOUT_RETURN_TYPE = YES_ERROR;
				GCC_WARN_UNDECLARED_SELECTOR = YES;
				GCC_WARN_UNINITIALIZED_AUTOS = YES_AGGRESSIVE;
				GCC_WARN_UNUSED_FUNCTION = YES;
				GCC_WARN_UNUSED_VARIABLE = YES;
				IPHONEOS_DEPLOYMENT_TARGET = 9.1;
				MTL_ENABLE_DEBUG_INFO = NO;
				SDKROOT = iphoneos;
				VALIDATE_PRODUCT = YES;
			};
			name = Release;
		};
		86F93DC01BE2A952003BB0AB /* Debug */ = {
			isa = XCBuildConfiguration;
			buildSettings = {
				ASSETCATALOG_COMPILER_APPICON_NAME = AppIcon;
				INFOPLIST_FILE = "Week 2 - Carousel/Info.plist";
				LD_RUNPATH_SEARCH_PATHS = "$(inherited) @executable_path/Frameworks";
				PRODUCT_BUNDLE_IDENTIFIER = "designgrappler.Week-2---Carousel";
				PRODUCT_NAME = "$(TARGET_NAME)";
			};
			name = Debug;
		};
		86F93DC11BE2A952003BB0AB /* Release */ = {
			isa = XCBuildConfiguration;
			buildSettings = {
				ASSETCATALOG_COMPILER_APPICON_NAME = AppIcon;
				INFOPLIST_FILE = "Week 2 - Carousel/Info.plist";
				LD_RUNPATH_SEARCH_PATHS = "$(inherited) @executable_path/Frameworks";
				PRODUCT_BUNDLE_IDENTIFIER = "designgrappler.Week-2---Carousel";
				PRODUCT_NAME = "$(TARGET_NAME)";
			};
			name = Release;
		};
		86F93DC31BE2A952003BB0AB /* Debug */ = {
			isa = XCBuildConfiguration;
			buildSettings = {
				BUNDLE_LOADER = "$(TEST_HOST)";
				INFOPLIST_FILE = "Week 2 - CarouselTests/Info.plist";
				LD_RUNPATH_SEARCH_PATHS = "$(inherited) @executable_path/Frameworks @loader_path/Frameworks";
				PRODUCT_BUNDLE_IDENTIFIER = "designgrappler.Week-2---CarouselTests";
				PRODUCT_NAME = "$(TARGET_NAME)";
				TEST_HOST = "$(BUILT_PRODUCTS_DIR)/Week 2 - Carousel.app/Week 2 - Carousel";
			};
			name = Debug;
		};
		86F93DC41BE2A952003BB0AB /* Release */ = {
			isa = XCBuildConfiguration;
			buildSettings = {
				BUNDLE_LOADER = "$(TEST_HOST)";
				INFOPLIST_FILE = "Week 2 - CarouselTests/Info.plist";
				LD_RUNPATH_SEARCH_PATHS = "$(inherited) @executable_path/Frameworks @loader_path/Frameworks";
				PRODUCT_BUNDLE_IDENTIFIER = "designgrappler.Week-2---CarouselTests";
				PRODUCT_NAME = "$(TARGET_NAME)";
				TEST_HOST = "$(BUILT_PRODUCTS_DIR)/Week 2 - Carousel.app/Week 2 - Carousel";
			};
			name = Release;
		};
		86F93DC61BE2A952003BB0AB /* Debug */ = {
			isa = XCBuildConfiguration;
			buildSettings = {
				INFOPLIST_FILE = "Week 2 - CarouselUITests/Info.plist";
				LD_RUNPATH_SEARCH_PATHS = "$(inherited) @executable_path/Frameworks @loader_path/Frameworks";
				PRODUCT_BUNDLE_IDENTIFIER = "designgrappler.Week-2---CarouselUITests";
				PRODUCT_NAME = "$(TARGET_NAME)";
				TEST_TARGET_NAME = "Week 2 - Carousel";
				USES_XCTRUNNER = YES;
			};
			name = Debug;
		};
		86F93DC71BE2A952003BB0AB /* Release */ = {
			isa = XCBuildConfiguration;
			buildSettings = {
				INFOPLIST_FILE = "Week 2 - CarouselUITests/Info.plist";
				LD_RUNPATH_SEARCH_PATHS = "$(inherited) @executable_path/Frameworks @loader_path/Frameworks";
				PRODUCT_BUNDLE_IDENTIFIER = "designgrappler.Week-2---CarouselUITests";
				PRODUCT_NAME = "$(TARGET_NAME)";
				TEST_TARGET_NAME = "Week 2 - Carousel";
				USES_XCTRUNNER = YES;
			};
			name = Release;
		};
/* End XCBuildConfiguration section */

/* Begin XCConfigurationList section */
		86F93D921BE2A952003BB0AB /* Build configuration list for PBXProject "Week 2 - Carousel" */ = {
			isa = XCConfigurationList;
			buildConfigurations = (
				86F93DBD1BE2A952003BB0AB /* Debug */,
				86F93DBE1BE2A952003BB0AB /* Release */,
			);
			defaultConfigurationIsVisible = 0;
			defaultConfigurationName = Release;
		};
		86F93DBF1BE2A952003BB0AB /* Build configuration list for PBXNativeTarget "Week 2 - Carousel" */ = {
			isa = XCConfigurationList;
			buildConfigurations = (
				86F93DC01BE2A952003BB0AB /* Debug */,
				86F93DC11BE2A952003BB0AB /* Release */,
			);
			defaultConfigurationIsVisible = 0;
			defaultConfigurationName = Release;
		};
		86F93DC21BE2A952003BB0AB /* Build configuration list for PBXNativeTarget "Week 2 - CarouselTests" */ = {
			isa = XCConfigurationList;
			buildConfigurations = (
				86F93DC31BE2A952003BB0AB /* Debug */,
				86F93DC41BE2A952003BB0AB /* Release */,
			);
			defaultConfigurationIsVisible = 0;
			defaultConfigurationName = Release;
		};
		86F93DC51BE2A952003BB0AB /* Build configuration list for PBXNativeTarget "Week 2 - CarouselUITests" */ = {
			isa = XCConfigurationList;
			buildConfigurations = (
				86F93DC61BE2A952003BB0AB /* Debug */,
				86F93DC71BE2A952003BB0AB /* Release */,
			);
			defaultConfigurationIsVisible = 0;
			defaultConfigurationName = Release;
		};
/* End XCConfigurationList section */
	};
	rootObject = 86F93D8F1BE2A952003BB0AB /* Project object */;
}
